
Microsoft Visual Studio Solution File, Format Version 12.00
# Visual Studio Version 16
VisualStudioVersion = 16.6.30114.105
MinimumVisualStudioVersion = 10.0.40219.1
Project("{F2A71F9B-5D33-465A-A702-920D77279786}") = "disk-space-usage-app", "disk-space-usage-app\disk-space-usage-app.fsproj", "{74027B16-EA46-42DF-B323-917987995AD6}"
EndProject
Project("{F2A71F9B-5D33-465A-A702-920D77279786}") = "disk-space-usage-tests", "disk-space-usage-tests\disk-space-usage-tests.fsproj", "{914D69FD-5358-4DB4-8355-05D61BD98BE0}"
EndProject
Global
	GlobalSection(SolutionConfigurationPlatforms) = preSolution
		Debug|Any CPU = Debug|Any CPU
		Debug|x64 = Debug|x64
		Debug|x86 = Debug|x86
		Release|Any CPU = Release|Any CPU
		Release|x64 = Release|x64
		Release|x86 = Release|x86
	EndGlobalSection
	GlobalSection(SolutionProperties) = preSolution
		HideSolutionNode = FALSE
	EndGlobalSection
	GlobalSection(ProjectConfigurationPlatforms) = postSolution
		{74027B16-EA46-42DF-B323-917987995AD6}.Debug|Any CPU.ActiveCfg = Debug|Any CPU
		{74027B16-EA46-42DF-B323-917987995AD6}.Debug|Any CPU.Build.0 = Debug|Any CPU
		{74027B16-EA46-42DF-B323-917987995AD6}.Debug|x64.ActiveCfg = Debug|Any CPU
		{74027B16-EA46-42DF-B323-917987995AD6}.Debug|x64.Build.0 = Debug|Any CPU
		{74027B16-EA46-42DF-B323-917987995AD6}.Debug|x86.ActiveCfg = Debug|Any CPU
		{74027B16-EA46-42DF-B323-917987995AD6}.Debug|x86.Build.0 = Debug|Any CPU
		{74027B16-EA46-42DF-B323-917987995AD6}.Release|Any CPU.ActiveCfg = Release|Any CPU
		{74027B16-EA46-42DF-B323-917987995AD6}.Release|Any CPU.Build.0 = Release|Any CPU
		{74027B16-EA46-42DF-B323-917987995AD6}.Release|x64.ActiveCfg = Release|Any CPU
		{74027B16-EA46-42DF-B323-917987995AD6}.Release|x64.Build.0 = Release|Any CPU
		{74027B16-EA46-42DF-B323-917987995AD6}.Release|x86.ActiveCfg = Release|Any CPU
		{74027B16-EA46-42DF-B323-917987995AD6}.Release|x86.Build.0 = Release|Any CPU
		{914D69FD-5358-4DB4-8355-05D61BD98BE0}.Debug|Any CPU.ActiveCfg = Debug|Any CPU
		{914D69FD-5358-4DB4-8355-05D61BD98BE0}.Debug|Any CPU.Build.0 = Debug|Any CPU
		{914D69FD-5358-4DB4-8355-05D61BD98BE0}.Debug|x64.ActiveCfg = Debug|Any CPU
		{914D69FD-5358-4DB4-8355-05D61BD98BE0}.Debug|x64.Build.0 = Debug|Any CPU
		{914D69FD-5358-4DB4-8355-05D61BD98BE0}.Debug|x86.ActiveCfg = Debug|Any CPU
		{914D69FD-5358-4DB4-8355-05D61BD98BE0}.Debug|x86.Build.0 = Debug|Any CPU
		{914D69FD-5358-4DB4-8355-05D61BD98BE0}.Release|Any CPU.ActiveCfg = Release|Any CPU
		{914D69FD-5358-4DB4-8355-05D61BD98BE0}.Release|Any CPU.Build.0 = Release|Any CPU
		{914D69FD-5358-4DB4-8355-05D61BD98BE0}.Release|x64.ActiveCfg = Release|Any CPU
		{914D69FD-5358-4DB4-8355-05D61BD98BE0}.Release|x64.Build.0 = Release|Any CPU
		{914D69FD-5358-4DB4-8355-05D61BD98BE0}.Release|x86.ActiveCfg = Release|Any CPU
		{914D69FD-5358-4DB4-8355-05D61BD98BE0}.Release|x86.Build.0 = Release|Any CPU
	EndGlobalSection
EndGlobal
